
Microsoft Visual Studio Solution File, Format Version 12.00
# Visual Studio Version 17
VisualStudioVersion = 17.4.33205.214
MinimumVisualStudioVersion = 10.0.40219.1
Project("{FAE04EC0-301F-11D3-BF4B-00C04F79EFBC}") = "WebApplication1", "WebApplication1\WebApplication1.csproj", "{B73A5FA1-CA5A-4104-859C-9920B1C9B6AB}"
EndProject
Global
	GlobalSection(SolutionConfigurationPlatforms) = preSolution
		Debug|Any CPU = Debug|Any CPU
		Release|Any CPU = Release|Any CPU
	EndGlobalSection
	GlobalSection(ProjectConfigurationPlatforms) = postSolution
		{B73A5FA1-CA5A-4104-859C-9920B1C9B6AB}.Debug|Any CPU.ActiveCfg = Debug|Any CPU
		{B73A5FA1-CA5A-4104-859C-9920B1C9B6AB}.Debug|Any CPU.Build.0 = Debug|Any CPU
		{B73A5FA1-CA5A-4104-859C-9920B1C9B6AB}.Release|Any CPU.ActiveCfg = Release|Any CPU
		{B73A5FA1-CA5A-4104-859C-9920B1C9B6AB}.Release|Any CPU.Build.0 = Release|Any CPU
	EndGlobalSection
	GlobalSection(SolutionProperties) = preSolution
		HideSolutionNode = FALSE
	EndGlobalSection
	GlobalSection(ExtensibilityGlobals) = postSolution
		SolutionGuid = {0FCDBC78-382B-4CCE-943D-2A2A7F26C3D2}
	EndGlobalSection
EndGlobal
